
Microsoft Visual Studio Solution File, Format Version 12.00
# Visual Studio Version 17
VisualStudioVersion = 17.14.36401.2 d17.14
MinimumVisualStudioVersion = 10.0.40219.1
Project("{FAE04EC0-301F-11D3-BF4B-00C04F79EFBC}") = "WeatherApiFunction", "WeatherApiFunction.csproj", "{CAED9588-5145-4FEF-BF4D-358E6DEE17C0}"
EndProject
Project("{2150E333-8FDC-42A3-9474-1A3956D46DE8}") = "Solution Items", "Solution Items", "{8EC462FD-D22E-90A8-E5CE-7E832BA40C5D}"
	ProjectSection(SolutionItems) = preProject
		Readme.txt = Readme.txt
	EndProjectSection
EndProject
Global
	GlobalSection(SolutionConfigurationPlatforms) = preSolution
		Debug|Any CPU = Debug|Any CPU
		Release|Any CPU = Release|Any CPU
	EndGlobalSection
	GlobalSection(ProjectConfigurationPlatforms) = postSolution
		{CAED9588-5145-4FEF-BF4D-358E6DEE17C0}.Debug|Any CPU.ActiveCfg = Debug|Any CPU
		{CAED9588-5145-4FEF-BF4D-358E6DEE17C0}.Debug|Any CPU.Build.0 = Debug|Any CPU
		{CAED9588-5145-4FEF-BF4D-358E6DEE17C0}.Release|Any CPU.ActiveCfg = Release|Any CPU
		{CAED9588-5145-4FEF-BF4D-358E6DEE17C0}.Release|Any CPU.Build.0 = Release|Any CPU
	EndGlobalSection
	GlobalSection(SolutionProperties) = preSolution
		HideSolutionNode = FALSE
	EndGlobalSection
	GlobalSection(ExtensibilityGlobals) = postSolution
		SolutionGuid = {7A10C0B4-952B-4894-9BAA-61C5C3E5C5C8}
	EndGlobalSection
EndGlobal
